
Microsoft Visual Studio Solution File, Format Version 12.00
# Visual Studio Version 16
VisualStudioVersion = 16.0.30907.101
MinimumVisualStudioVersion = 10.0.40219.1
Project("{FAE04EC0-301F-11D3-BF4B-00C04F79EFBC}") = "ALGOPRACTICE", "ALGOPRACTICE\ALGOPRACTICE.csproj", "{502F0768-B77F-441D-98B7-C9DE3D6C9ACD}"
EndProject
Global
	GlobalSection(SolutionConfigurationPlatforms) = preSolution
		Debug|Any CPU = Debug|Any CPU
		Release|Any CPU = Release|Any CPU
	EndGlobalSection
	GlobalSection(ProjectConfigurationPlatforms) = postSolution
		{502F0768-B77F-441D-98B7-C9DE3D6C9ACD}.Debug|Any CPU.ActiveCfg = Debug|Any CPU
		{502F0768-B77F-441D-98B7-C9DE3D6C9ACD}.Debug|Any CPU.Build.0 = Debug|Any CPU
		{502F0768-B77F-441D-98B7-C9DE3D6C9ACD}.Release|Any CPU.ActiveCfg = Release|Any CPU
		{502F0768-B77F-441D-98B7-C9DE3D6C9ACD}.Release|Any CPU.Build.0 = Release|Any CPU
	EndGlobalSection
	GlobalSection(SolutionProperties) = preSolution
		HideSolutionNode = FALSE
	EndGlobalSection
	GlobalSection(ExtensibilityGlobals) = postSolution
		SolutionGuid = {01541AF7-00D7-49F9-B2CA-480B43C0862C}
	EndGlobalSection
EndGlobal
